
Microsoft Visual Studio Solution File, Format Version 12.00
# Visual Studio Version 16
VisualStudioVersion = 16.0.29709.97
MinimumVisualStudioVersion = 10.0.40219.1
Project("{FAE04EC0-301F-11D3-BF4B-00C04F79EFBC}") = "PostExample", "WebApplication1\PostExample.csproj", "{211D4670-4AB2-44A7-896E-B380DE5EDDE3}"
EndProject
Global
	GlobalSection(SolutionConfigurationPlatforms) = preSolution
		Debug|Any CPU = Debug|Any CPU
		Release|Any CPU = Release|Any CPU
	EndGlobalSection
	GlobalSection(ProjectConfigurationPlatforms) = postSolution
		{211D4670-4AB2-44A7-896E-B380DE5EDDE3}.Debug|Any CPU.ActiveCfg = Debug|Any CPU
		{211D4670-4AB2-44A7-896E-B380DE5EDDE3}.Debug|Any CPU.Build.0 = Debug|Any CPU
		{211D4670-4AB2-44A7-896E-B380DE5EDDE3}.Release|Any CPU.ActiveCfg = Release|Any CPU
		{211D4670-4AB2-44A7-896E-B380DE5EDDE3}.Release|Any CPU.Build.0 = Release|Any CPU
	EndGlobalSection
	GlobalSection(SolutionProperties) = preSolution
		HideSolutionNode = FALSE
	EndGlobalSection
	GlobalSection(ExtensibilityGlobals) = postSolution
		SolutionGuid = {C8129ACB-11CC-4240-974E-656B9AC9F68E}
	EndGlobalSection
EndGlobal
